// !$*UTF8*$!
{
	archiveVersion = 1;
	classes = {
	};
	objectVersion = 55;
	objects = {

/* Begin PBXBuildFile section */
		221EC57D27ED5CE20065BE40 /* AppDelegate.swift in Sources */ = {isa = PBXBuildFile; fileRef = 221EC57C27ED5CE20065BE40 /* AppDelegate.swift */; };
		221EC57F27ED5CE20065BE40 /* SceneDelegate.swift in Sources */ = {isa = PBXBuildFile; fileRef = 221EC57E27ED5CE20065BE40 /* SceneDelegate.swift */; };
		221EC58427ED5CE20065BE40 /* Main.storyboard in Resources */ = {isa = PBXBuildFile; fileRef = 221EC58227ED5CE20065BE40 /* Main.storyboard */; };
		221EC58627ED5CE30065BE40 /* Assets.xcassets in Resources */ = {isa = PBXBuildFile; fileRef = 221EC58527ED5CE30065BE40 /* Assets.xcassets */; };
		221EC58927ED5CE30065BE40 /* LaunchScreen.storyboard in Resources */ = {isa = PBXBuildFile; fileRef = 221EC58727ED5CE30065BE40 /* LaunchScreen.storyboard */; };
		221EC59427ED5CE30065BE40 /* InstagramTests.swift in Sources */ = {isa = PBXBuildFile; fileRef = 221EC59327ED5CE30065BE40 /* InstagramTests.swift */; };
		221EC59E27ED5CE30065BE40 /* InstagramUITests.swift in Sources */ = {isa = PBXBuildFile; fileRef = 221EC59D27ED5CE30065BE40 /* InstagramUITests.swift */; };
		221EC5A027ED5CE30065BE40 /* InstagramUITestsLaunchTests.swift in Sources */ = {isa = PBXBuildFile; fileRef = 221EC59F27ED5CE30065BE40 /* InstagramUITestsLaunchTests.swift */; };
		221EC5AD27ED69C40065BE40 /* LoginViewController.swift in Sources */ = {isa = PBXBuildFile; fileRef = 221EC5AC27ED69C40065BE40 /* LoginViewController.swift */; };
		221EC5AF27ED69DF0065BE40 /* FeedViewController.swift in Sources */ = {isa = PBXBuildFile; fileRef = 221EC5AE27ED69DF0065BE40 /* FeedViewController.swift */; };
		2265555127EE777500D1E0AF /* CameraViewController.swift in Sources */ = {isa = PBXBuildFile; fileRef = 2265555027EE777500D1E0AF /* CameraViewController.swift */; };
		2265555327EE862A00D1E0AF /* PostCell.swift in Sources */ = {isa = PBXBuildFile; fileRef = 2265555227EE862A00D1E0AF /* PostCell.swift */; };
		6386F62B59F1D36EDB0FF901 /* Pods_Instagram.framework in Frameworks */ = {isa = PBXBuildFile; fileRef = 31BF82CAD76A71C033C46C1C /* Pods_Instagram.framework */; };
		66FFA0BA4DDDDDF82BF128FB /* Pods_Instagram_InstagramUITests.framework in Frameworks */ = {isa = PBXBuildFile; fileRef = EC8496E9D18119523521FD3B /* Pods_Instagram_InstagramUITests.framework */; };
		6ABE6198A8F3284B9F133D4E /* Pods_InstagramTests.framework in Frameworks */ = {isa = PBXBuildFile; fileRef = 00AAA78BDA1E89FF17992427 /* Pods_InstagramTests.framework */; };
/* End PBXBuildFile section */

/* Begin PBXContainerItemProxy section */
		221EC59027ED5CE30065BE40 /* PBXContainerItemProxy */ = {
			isa = PBXContainerItemProxy;
			containerPortal = 221EC57127ED5CE20065BE40 /* Project object */;
			proxyType = 1;
			remoteGlobalIDString = 221EC57827ED5CE20065BE40;
			remoteInfo = Instagram;
		};
		221EC59A27ED5CE30065BE40 /* PBXContainerItemProxy */ = {
			isa = PBXContainerItemProxy;
			containerPortal = 221EC57127ED5CE20065BE40 /* Project object */;
			proxyType = 1;
			remoteGlobalIDString = 221EC57827ED5CE20065BE40;
			remoteInfo = Instagram;
		};
/* End PBXContainerItemProxy section */

/* Begin PBXFileReference section */
		00AAA78BDA1E89FF17992427 /* Pods_InstagramTests.framework */ = {isa = PBXFileReference; explicitFileType = wrapper.framework; includeInIndex = 0; path = Pods_InstagramTests.framework; sourceTree = BUILT_PRODUCTS_DIR; };
		1217F7B474B8B0391C2235F4 /* Pods-InstagramTests.release.xcconfig */ = {isa = PBXFileReference; includeInIndex = 1; lastKnownFileType = text.xcconfig; name = "Pods-InstagramTests.release.xcconfig"; path = "Target Support Files/Pods-InstagramTests/Pods-InstagramTests.release.xcconfig"; sourceTree = "<group>"; };
		221EC57927ED5CE20065BE40 /* Instagram.app */ = {isa = PBXFileReference; explicitFileType = wrapper.application; includeInIndex = 0; path = Instagram.app; sourceTree = BUILT_PRODUCTS_DIR; };
		221EC57C27ED5CE20065BE40 /* AppDelegate.swift */ = {isa = PBXFileReference; lastKnownFileType = sourcecode.swift; path = AppDelegate.swift; sourceTree = "<group>"; };
		221EC57E27ED5CE20065BE40 /* SceneDelegate.swift */ = {isa = PBXFileReference; lastKnownFileType = sourcecode.swift; path = SceneDelegate.swift; sourceTree = "<group>"; };
		221EC58327ED5CE20065BE40 /* Base */ = {isa = PBXFileReference; lastKnownFileType = file.storyboard; name = Base; path = Base.lproj/Main.storyboard; sourceTree = "<group>"; };
		221EC58527ED5CE30065BE40 /* Assets.xcassets */ = {isa = PBXFileReference; lastKnownFileType = folder.assetcatalog; path = Assets.xcassets; sourceTree = "<group>"; };
		221EC58827ED5CE30065BE40 /* Base */ = {isa = PBXFileReference; lastKnownFileType = file.storyboard; name = Base; path = Base.lproj/LaunchScreen.storyboard; sourceTree = "<group>"; };
		221EC58A27ED5CE30065BE40 /* Info.plist */ = {isa = PBXFileReference; lastKnownFileType = text.plist.xml; path = Info.plist; sourceTree = "<group>"; };
		221EC58F27ED5CE30065BE40 /* InstagramTests.xctest */ = {isa = PBXFileReference; explicitFileType = wrapper.cfbundle; includeInIndex = 0; path = InstagramTests.xctest; sourceTree = BUILT_PRODUCTS_DIR; };
		221EC59327ED5CE30065BE40 /* InstagramTests.swift */ = {isa = PBXFileReference; lastKnownFileType = sourcecode.swift; path = InstagramTests.swift; sourceTree = "<group>"; };
		221EC59927ED5CE30065BE40 /* InstagramUITests.xctest */ = {isa = PBXFileReference; explicitFileType = wrapper.cfbundle; includeInIndex = 0; path = InstagramUITests.xctest; sourceTree = BUILT_PRODUCTS_DIR; };
		221EC59D27ED5CE30065BE40 /* InstagramUITests.swift */ = {isa = PBXFileReference; lastKnownFileType = sourcecode.swift; path = InstagramUITests.swift; sourceTree = "<group>"; };
		221EC59F27ED5CE30065BE40 /* InstagramUITestsLaunchTests.swift */ = {isa = PBXFileReference; lastKnownFileType = sourcecode.swift; path = InstagramUITestsLaunchTests.swift; sourceTree = "<group>"; };
		221EC5AC27ED69C40065BE40 /* LoginViewController.swift */ = {isa = PBXFileReference; lastKnownFileType = sourcecode.swift; path = LoginViewController.swift; sourceTree = "<group>"; };
		221EC5AE27ED69DF0065BE40 /* FeedViewController.swift */ = {isa = PBXFileReference; lastKnownFileType = sourcecode.swift; path = FeedViewController.swift; sourceTree = "<group>"; };
		2265555027EE777500D1E0AF /* CameraViewController.swift */ = {isa = PBXFileReference; lastKnownFileType = sourcecode.swift; path = CameraViewController.swift; sourceTree = "<group>"; };
		2265555227EE862A00D1E0AF /* PostCell.swift */ = {isa = PBXFileReference; lastKnownFileType = sourcecode.swift; path = PostCell.swift; sourceTree = "<group>"; };
		31BF82CAD76A71C033C46C1C /* Pods_Instagram.framework */ = {isa = PBXFileReference; explicitFileType = wrapper.framework; includeInIndex = 0; path = Pods_Instagram.framework; sourceTree = BUILT_PRODUCTS_DIR; };
		3BD4F07304F132DE48B53CBE /* Pods-InstagramTests.debug.xcconfig */ = {isa = PBXFileReference; includeInIndex = 1; lastKnownFileType = text.xcconfig; name = "Pods-InstagramTests.debug.xcconfig"; path = "Target Support Files/Pods-InstagramTests/Pods-InstagramTests.debug.xcconfig"; sourceTree = "<group>"; };
		5EE86F526E35A5EA60AFA8F8 /* Pods-Instagram.debug.xcconfig */ = {isa = PBXFileReference; includeInIndex = 1; lastKnownFileType = text.xcconfig; name = "Pods-Instagram.debug.xcconfig"; path = "Target Support Files/Pods-Instagram/Pods-Instagram.debug.xcconfig"; sourceTree = "<group>"; };
		9A0FFD1660338A92760BCF01 /* Pods-Instagram.release.xcconfig */ = {isa = PBXFileReference; includeInIndex = 1; lastKnownFileType = text.xcconfig; name = "Pods-Instagram.release.xcconfig"; path = "Target Support Files/Pods-Instagram/Pods-Instagram.release.xcconfig"; sourceTree = "<group>"; };
		CE569D0199B2D42BC242118E /* Pods-Instagram-InstagramUITests.debug.xcconfig */ = {isa = PBXFileReference; includeInIndex = 1; lastKnownFileType = text.xcconfig; name = "Pods-Instagram-InstagramUITests.debug.xcconfig"; path = "Target Support Files/Pods-Instagram-InstagramUITests/Pods-Instagram-InstagramUITests.debug.xcconfig"; sourceTree = "<group>"; };
		EC8496E9D18119523521FD3B /* Pods_Instagram_InstagramUITests.framework */ = {isa = PBXFileReference; explicitFileType = wrapper.framework; includeInIndex = 0; path = Pods_Instagram_InstagramUITests.framework; sourceTree = BUILT_PRODUCTS_DIR; };
		FEE99FB066E71B8F4531AF16 /* Pods-Instagram-InstagramUITests.release.xcconfig */ = {isa = PBXFileReference; includeInIndex = 1; lastKnownFileType = text.xcconfig; name = "Pods-Instagram-InstagramUITests.release.xcconfig"; path = "Target Support Files/Pods-Instagram-InstagramUITests/Pods-Instagram-InstagramUITests.release.xcconfig"; sourceTree = "<group>"; };
/* End PBXFileReference section */

/* Begin PBXFrameworksBuildPhase section */
		221EC57627ED5CE20065BE40 /* Frameworks */ = {
			isa = PBXFrameworksBuildPhase;
			buildActionMask = 2147483647;
			files = (
				6386F62B59F1D36EDB0FF901 /* Pods_Instagram.framework in Frameworks */,
			);
			runOnlyForDeploymentPostprocessing = 0;
		};
		221EC58C27ED5CE30065BE40 /* Frameworks */ = {
			isa = PBXFrameworksBuildPhase;
			buildActionMask = 2147483647;
			files = (
				6ABE6198A8F3284B9F133D4E /* Pods_InstagramTests.framework in Frameworks */,
			);
			runOnlyForDeploymentPostprocessing = 0;
		};
		221EC59627ED5CE30065BE40 /* Frameworks */ = {
			isa = PBXFrameworksBuildPhase;
			buildActionMask = 2147483647;
			files = (
				66FFA0BA4DDDDDF82BF128FB /* Pods_Instagram_InstagramUITests.framework in Frameworks */,
			);
			runOnlyForDeploymentPostprocessing = 0;
		};
/* End PBXFrameworksBuildPhase section */

/* Begin PBXGroup section */
		221EC57027ED5CE20065BE40 = {
			isa = PBXGroup;
			children = (
				221EC57B27ED5CE20065BE40 /* Instagram */,
				221EC59227ED5CE30065BE40 /* InstagramTests */,
				221EC59C27ED5CE30065BE40 /* InstagramUITests */,
				221EC57A27ED5CE20065BE40 /* Products */,
				5026E17B7BB276AB0397BEB8 /* Pods */,
				88D92F1AFA16DF38E785D58D /* Frameworks */,
			);
			sourceTree = "<group>";
		};
		221EC57A27ED5CE20065BE40 /* Products */ = {
			isa = PBXGroup;
			children = (
				221EC57927ED5CE20065BE40 /* Instagram.app */,
				221EC58F27ED5CE30065BE40 /* InstagramTests.xctest */,
				221EC59927ED5CE30065BE40 /* InstagramUITests.xctest */,
			);
			name = Products;
			sourceTree = "<group>";
		};
		221EC57B27ED5CE20065BE40 /* Instagram */ = {
			isa = PBXGroup;
			children = (
				221EC57C27ED5CE20065BE40 /* AppDelegate.swift */,
				221EC57E27ED5CE20065BE40 /* SceneDelegate.swift */,
				221EC58227ED5CE20065BE40 /* Main.storyboard */,
				221EC5AC27ED69C40065BE40 /* LoginViewController.swift */,
				221EC5AE27ED69DF0065BE40 /* FeedViewController.swift */,
				221EC58527ED5CE30065BE40 /* Assets.xcassets */,
				221EC58727ED5CE30065BE40 /* LaunchScreen.storyboard */,
				221EC58A27ED5CE30065BE40 /* Info.plist */,
				2265555027EE777500D1E0AF /* CameraViewController.swift */,
				2265555227EE862A00D1E0AF /* PostCell.swift */,
			);
			path = Instagram;
			sourceTree = "<group>";
		};
		221EC59227ED5CE30065BE40 /* InstagramTests */ = {
			isa = PBXGroup;
			children = (
				221EC59327ED5CE30065BE40 /* InstagramTests.swift */,
			);
			path = InstagramTests;
			sourceTree = "<group>";
		};
		221EC59C27ED5CE30065BE40 /* InstagramUITests */ = {
			isa = PBXGroup;
			children = (
				221EC59D27ED5CE30065BE40 /* InstagramUITests.swift */,
				221EC59F27ED5CE30065BE40 /* InstagramUITestsLaunchTests.swift */,
			);
			path = InstagramUITests;
			sourceTree = "<group>";
		};
		5026E17B7BB276AB0397BEB8 /* Pods */ = {
			isa = PBXGroup;
			children = (
				5EE86F526E35A5EA60AFA8F8 /* Pods-Instagram.debug.xcconfig */,
				9A0FFD1660338A92760BCF01 /* Pods-Instagram.release.xcconfig */,
				CE569D0199B2D42BC242118E /* Pods-Instagram-InstagramUITests.debug.xcconfig */,
				FEE99FB066E71B8F4531AF16 /* Pods-Instagram-InstagramUITests.release.xcconfig */,
				3BD4F07304F132DE48B53CBE /* Pods-InstagramTests.debug.xcconfig */,
				1217F7B474B8B0391C2235F4 /* Pods-InstagramTests.release.xcconfig */,
			);
			path = Pods;
			sourceTree = "<group>";
		};
		88D92F1AFA16DF38E785D58D /* Frameworks */ = {
			isa = PBXGroup;
			children = (
				31BF82CAD76A71C033C46C1C /* Pods_Instagram.framework */,
				EC8496E9D18119523521FD3B /* Pods_Instagram_InstagramUITests.framework */,
				00AAA78BDA1E89FF17992427 /* Pods_InstagramTests.framework */,
			);
			name = Frameworks;
			sourceTree = "<group>";
		};
/* End PBXGroup section */

/* Begin PBXNativeTarget section */
		221EC57827ED5CE20065BE40 /* Instagram */ = {
			isa = PBXNativeTarget;
			buildConfigurationList = 221EC5A327ED5CE30065BE40 /* Build configuration list for PBXNativeTarget "Instagram" */;
			buildPhases = (
				FD2B227E49F6F80AA7474261 /* [CP] Check Pods Manifest.lock */,
				221EC57527ED5CE20065BE40 /* Sources */,
				221EC57627ED5CE20065BE40 /* Frameworks */,
				221EC57727ED5CE20065BE40 /* Resources */,
				CA3C0C1ED2DCE1EADAF0A40F /* [CP] Embed Pods Frameworks */,
			);
			buildRules = (
			);
			dependencies = (
			);
			name = Instagram;
			productName = Instagram;
			productReference = 221EC57927ED5CE20065BE40 /* Instagram.app */;
			productType = "com.apple.product-type.application";
		};
		221EC58E27ED5CE30065BE40 /* InstagramTests */ = {
			isa = PBXNativeTarget;
			buildConfigurationList = 221EC5A627ED5CE30065BE40 /* Build configuration list for PBXNativeTarget "InstagramTests" */;
			buildPhases = (
				547DE0E6D54F60C6C9E1FFA9 /* [CP] Check Pods Manifest.lock */,
				221EC58B27ED5CE30065BE40 /* Sources */,
				221EC58C27ED5CE30065BE40 /* Frameworks */,
				221EC58D27ED5CE30065BE40 /* Resources */,
			);
			buildRules = (
			);
			dependencies = (
				221EC59127ED5CE30065BE40 /* PBXTargetDependency */,
			);
			name = InstagramTests;
			productName = InstagramTests;
			productReference = 221EC58F27ED5CE30065BE40 /* InstagramTests.xctest */;
			productType = "com.apple.product-type.bundle.unit-test";
		};
		221EC59827ED5CE30065BE40 /* InstagramUITests */ = {
			isa = PBXNativeTarget;
			buildConfigurationList = 221EC5A927ED5CE30065BE40 /* Build configuration list for PBXNativeTarget "InstagramUITests" */;
			buildPhases = (
				FDE1E37A30B78D8597E4AEC5 /* [CP] Check Pods Manifest.lock */,
				221EC59527ED5CE30065BE40 /* Sources */,
				221EC59627ED5CE30065BE40 /* Frameworks */,
				221EC59727ED5CE30065BE40 /* Resources */,
				98CB02B891DC4A10E610F1AE /* [CP] Embed Pods Frameworks */,
			);
			buildRules = (
			);
			dependencies = (
				221EC59B27ED5CE30065BE40 /* PBXTargetDependency */,
			);
			name = InstagramUITests;
			productName = InstagramUITests;
			productReference = 221EC59927ED5CE30065BE40 /* InstagramUITests.xctest */;
			productType = "com.apple.product-type.bundle.ui-testing";
		};
/* End PBXNativeTarget section */

/* Begin PBXProject section */
		221EC57127ED5CE20065BE40 /* Project object */ = {
			isa = PBXProject;
			attributes = {
				BuildIndependentTargetsInParallel = 1;
				LastSwiftUpdateCheck = 1320;
				LastUpgradeCheck = 1320;
				TargetAttributes = {
					221EC57827ED5CE20065BE40 = {
						CreatedOnToolsVersion = 13.2.1;
					};
					221EC58E27ED5CE30065BE40 = {
						CreatedOnToolsVersion = 13.2.1;
						TestTargetID = 221EC57827ED5CE20065BE40;
					};
					221EC59827ED5CE30065BE40 = {
						CreatedOnToolsVersion = 13.2.1;
						TestTargetID = 221EC57827ED5CE20065BE40;
					};
				};
			};
			buildConfigurationList = 221EC57427ED5CE20065BE40 /* Build configuration list for PBXProject "Instagram" */;
			compatibilityVersion = "Xcode 13.0";
			developmentRegion = en;
			hasScannedForEncodings = 0;
			knownRegions = (
				en,
				Base,
			);
			mainGroup = 221EC57027ED5CE20065BE40;
			productRefGroup = 221EC57A27ED5CE20065BE40 /* Products */;
			projectDirPath = "";
			projectRoot = "";
			targets = (
				221EC57827ED5CE20065BE40 /* Instagram */,
				221EC58E27ED5CE30065BE40 /* InstagramTests */,
				221EC59827ED5CE30065BE40 /* InstagramUITests */,
			);
		};
/* End PBXProject section */

/* Begin PBXResourcesBuildPhase section */
		221EC57727ED5CE20065BE40 /* Resources */ = {
			isa = PBXResourcesBuildPhase;
			buildActionMask = 2147483647;
			files = (
				221EC58927ED5CE30065BE40 /* LaunchScreen.storyboard in Resources */,
				221EC58627ED5CE30065BE40 /* Assets.xcassets in Resources */,
				221EC58427ED5CE20065BE40 /* Main.storyboard in Resources */,
			);
			runOnlyForDeploymentPostprocessing = 0;
		};
		221EC58D27ED5CE30065BE40 /* Resources */ = {
			isa = PBXResourcesBuildPhase;
			buildActionMask = 2147483647;
			files = (
			);
			runOnlyForDeploymentPostprocessing = 0;
		};
		221EC59727ED5CE30065BE40 /* Resources */ = {
			isa = PBXResourcesBuildPhase;
			buildActionMask = 2147483647;
			files = (
			);
			runOnlyForDeploymentPostprocessing = 0;
		};
/* End PBXResourcesBuildPhase section */

/* Begin PBXShellScriptBuildPhase section */
		547DE0E6D54F60C6C9E1FFA9 /* [CP] Check Pods Manifest.lock */ = {
			isa = PBXShellScriptBuildPhase;
			buildActionMask = 2147483647;
			files = (
			);
			inputFileListPaths = (
			);
			inputPaths = (
				"${PODS_PODFILE_DIR_PATH}/Podfile.lock",
				"${PODS_ROOT}/Manifest.lock",
			);
			name = "[CP] Check Pods Manifest.lock";
			outputFileListPaths = (
			);
			outputPaths = (
				"$(DERIVED_FILE_DIR)/Pods-InstagramTests-checkManifestLockResult.txt",
			);
			runOnlyForDeploymentPostprocessing = 0;
			shellPath = /bin/sh;
			shellScript = "diff \"${PODS_PODFILE_DIR_PATH}/Podfile.lock\" \"${PODS_ROOT}/Manifest.lock\" > /dev/null\nif [ $? != 0 ] ; then\n    # print error to STDERR\n    echo \"error: The sandbox is not in sync with the Podfile.lock. Run 'pod install' or update your CocoaPods installation.\" >&2\n    exit 1\nfi\n# This output is used by Xcode 'outputs' to avoid re-running this script phase.\necho \"SUCCESS\" > \"${SCRIPT_OUTPUT_FILE_0}\"\n";
			showEnvVarsInLog = 0;
		};
		98CB02B891DC4A10E610F1AE /* [CP] Embed Pods Frameworks */ = {
			isa = PBXShellScriptBuildPhase;
			buildActionMask = 2147483647;
			files = (
			);
			inputFileListPaths = (
				"${PODS_ROOT}/Target Support Files/Pods-Instagram-InstagramUITests/Pods-Instagram-InstagramUITests-frameworks-${CONFIGURATION}-input-files.xcfilelist",
			);
			name = "[CP] Embed Pods Frameworks";
			outputFileListPaths = (
				"${PODS_ROOT}/Target Support Files/Pods-Instagram-InstagramUITests/Pods-Instagram-InstagramUITests-frameworks-${CONFIGURATION}-output-files.xcfilelist",
			);
			runOnlyForDeploymentPostprocessing = 0;
			shellPath = /bin/sh;
			shellScript = "\"${PODS_ROOT}/Target Support Files/Pods-Instagram-InstagramUITests/Pods-Instagram-InstagramUITests-frameworks.sh\"\n";
			showEnvVarsInLog = 0;
		};
		CA3C0C1ED2DCE1EADAF0A40F /* [CP] Embed Pods Frameworks */ = {
			isa = PBXShellScriptBuildPhase;
			buildActionMask = 2147483647;
			files = (
			);
			inputFileListPaths = (
				"${PODS_ROOT}/Target Support Files/Pods-Instagram/Pods-Instagram-frameworks-${CONFIGURATION}-input-files.xcfilelist",
			);
			name = "[CP] Embed Pods Frameworks";
			outputFileListPaths = (
				"${PODS_ROOT}/Target Support Files/Pods-Instagram/Pods-Instagram-frameworks-${CONFIGURATION}-output-files.xcfilelist",
			);
			runOnlyForDeploymentPostprocessing = 0;
			shellPath = /bin/sh;
			shellScript = "\"${PODS_ROOT}/Target Support Files/Pods-Instagram/Pods-Instagram-frameworks.sh\"\n";
			showEnvVarsInLog = 0;
		};
		FD2B227E49F6F80AA7474261 /* [CP] Check Pods Manifest.lock */ = {
			isa = PBXShellScriptBuildPhase;
			buildActionMask = 2147483647;
			files = (
			);
			inputFileListPaths = (
			);
			inputPaths = (
				"${PODS_PODFILE_DIR_PATH}/Podfile.lock",
				"${PODS_ROOT}/Manifest.lock",
			);
			name = "[CP] Check Pods Manifest.lock";
			outputFileListPaths = (
			);
			outputPaths = (
				"$(DERIVED_FILE_DIR)/Pods-Instagram-checkManifestLockResult.txt",
			);
			runOnlyForDeploymentPostprocessing = 0;
			shellPath = /bin/sh;
			shellScript = "diff \"${PODS_PODFILE_DIR_PATH}/Podfile.lock\" \"${PODS_ROOT}/Manifest.lock\" > /dev/null\nif [ $? != 0 ] ; then\n    # print error to STDERR\n    echo \"error: The sandbox is not in sync with the Podfile.lock. Run 'pod install' or update your CocoaPods installation.\" >&2\n    exit 1\nfi\n# This output is used by Xcode 'outputs' to avoid re-running this script phase.\necho \"SUCCESS\" > \"${SCRIPT_OUTPUT_FILE_0}\"\n";
			showEnvVarsInLog = 0;
		};
		FDE1E37A30B78D8597E4AEC5 /* [CP] Check Pods Manifest.lock */ = {
			isa = PBXShellScriptBuildPhase;
			buildActionMask = 2147483647;
			files = (
			);
			inputFileListPaths = (
			);
			inputPaths = (
				"${PODS_PODFILE_DIR_PATH}/Podfile.lock",
				"${PODS_ROOT}/Manifest.lock",
			);
			name = "[CP] Check Pods Manifest.lock";
			outputFileListPaths = (
			);
			outputPaths = (
				"$(DERIVED_FILE_DIR)/Pods-Instagram-InstagramUITests-checkManifestLockResult.txt",
			);
			runOnlyForDeploymentPostprocessing = 0;
			shellPath = /bin/sh;
			shellScript = "diff \"${PODS_PODFILE_DIR_PATH}/Podfile.lock\" \"${PODS_ROOT}/Manifest.lock\" > /dev/null\nif [ $? != 0 ] ; then\n    # print error to STDERR\n    echo \"error: The sandbox is not in sync with the Podfile.lock. Run 'pod install' or update your CocoaPods installation.\" >&2\n    exit 1\nfi\n# This output is used by Xcode 'outputs' to avoid re-running this script phase.\necho \"SUCCESS\" > \"${SCRIPT_OUTPUT_FILE_0}\"\n";
			showEnvVarsInLog = 0;
		};
/* End PBXShellScriptBuildPhase section */

/* Begin PBXSourcesBuildPhase section */
		221EC57527ED5CE20065BE40 /* Sources */ = {
			isa = PBXSourcesBuildPhase;
			buildActionMask = 2147483647;
			files = (
				221EC5AD27ED69C40065BE40 /* LoginViewController.swift in Sources */,
				2265555127EE777500D1E0AF /* CameraViewController.swift in Sources */,
				221EC57D27ED5CE20065BE40 /* AppDelegate.swift in Sources */,
				221EC5AF27ED69DF0065BE40 /* FeedViewController.swift in Sources */,
				221EC57F27ED5CE20065BE40 /* SceneDelegate.swift in Sources */,
				2265555327EE862A00D1E0AF /* PostCell.swift in Sources */,
			);
			runOnlyForDeploymentPostprocessing = 0;
		};
		221EC58B27ED5CE30065BE40 /* Sources */ = {
			isa = PBXSourcesBuildPhase;
			buildActionMask = 2147483647;
			files = (
				221EC59427ED5CE30065BE40 /* InstagramTests.swift in Sources */,
			);
			runOnlyForDeploymentPostprocessing = 0;
		};
		221EC59527ED5CE30065BE40 /* Sources */ = {
			isa = PBXSourcesBuildPhase;
			buildActionMask = 2147483647;
			files = (
				221EC59E27ED5CE30065BE40 /* InstagramUITests.swift in Sources */,
				221EC5A027ED5CE30065BE40 /* InstagramUITestsLaunchTests.swift in Sources */,
			);
			runOnlyForDeploymentPostprocessing = 0;
		};
/* End PBXSourcesBuildPhase section */

/* Begin PBXTargetDependency section */
		221EC59127ED5CE30065BE40 /* PBXTargetDependency */ = {
			isa = PBXTargetDependency;
			target = 221EC57827ED5CE20065BE40 /* Instagram */;
			targetProxy = 221EC59027ED5CE30065BE40 /* PBXContainerItemProxy */;
		};
		221EC59B27ED5CE30065BE40 /* PBXTargetDependency */ = {
			isa = PBXTargetDependency;
			target = 221EC57827ED5CE20065BE40 /* Instagram */;
			targetProxy = 221EC59A27ED5CE30065BE40 /* PBXContainerItemProxy */;
		};
/* End PBXTargetDependency section */

/* Begin PBXVariantGroup section */
		221EC58227ED5CE20065BE40 /* Main.storyboard */ = {
			isa = PBXVariantGroup;
			children = (
				221EC58327ED5CE20065BE40 /* Base */,
			);
			name = Main.storyboard;
			sourceTree = "<group>";
		};
		221EC58727ED5CE30065BE40 /* LaunchScreen.storyboard */ = {
			isa = PBXVariantGroup;
			children = (
				221EC58827ED5CE30065BE40 /* Base */,
			);
			name = LaunchScreen.storyboard;
			sourceTree = "<group>";
		};
/* End PBXVariantGroup section */

/* Begin XCBuildConfiguration section */
		221EC5A127ED5CE30065BE40 /* Debug */ = {
			isa = XCBuildConfiguration;
			buildSettings = {
				ALWAYS_SEARCH_USER_PATHS = NO;
				CLANG_ANALYZER_NONNULL = YES;
				CLANG_ANALYZER_NUMBER_OBJECT_CONVERSION = YES_AGGRESSIVE;
				CLANG_CXX_LANGUAGE_STANDARD = "gnu++17";
				CLANG_CXX_LIBRARY = "libc++";
				CLANG_ENABLE_MODULES = YES;
				CLANG_ENABLE_OBJC_ARC = YES;
				CLANG_ENABLE_OBJC_WEAK = YES;
				CLANG_WARN_BLOCK_CAPTURE_AUTORELEASING = YES;
				CLANG_WARN_BOOL_CONVERSION = YES;
				CLANG_WARN_COMMA = YES;
				CLANG_WARN_CONSTANT_CONVERSION = YES;
				CLANG_WARN_DEPRECATED_OBJC_IMPLEMENTATIONS = YES;
				CLANG_WARN_DIRECT_OBJC_ISA_USAGE = YES_ERROR;
				CLANG_WARN_DOCUMENTATION_COMMENTS = YES;
				CLANG_WARN_EMPTY_BODY = YES;
				CLANG_WARN_ENUM_CONVERSION = YES;
				CLANG_WARN_INFINITE_RECURSION = YES;
				CLANG_WARN_INT_CONVERSION = YES;
				CLANG_WARN_NON_LITERAL_NULL_CONVERSION = YES;
				CLANG_WARN_OBJC_IMPLICIT_RETAIN_SELF = YES;
				CLANG_WARN_OBJC_LITERAL_CONVERSION = YES;
				CLANG_WARN_OBJC_ROOT_CLASS = YES_ERROR;
				CLANG_WARN_QUOTED_INCLUDE_IN_FRAMEWORK_HEADER = YES;
				CLANG_WARN_RANGE_LOOP_ANALYSIS = YES;
				CLANG_WARN_STRICT_PROTOTYPES = YES;
				CLANG_WARN_SUSPICIOUS_MOVE = YES;
				CLANG_WARN_UNGUARDED_AVAILABILITY = YES_AGGRESSIVE;
				CLANG_WARN_UNREACHABLE_CODE = YES;
				CLANG_WARN__DUPLICATE_METHOD_MATCH = YES;
				COPY_PHASE_STRIP = NO;
				DEBUG_INFORMATION_FORMAT = dwarf;
				ENABLE_STRICT_OBJC_MSGSEND = YES;
				ENABLE_TESTABILITY = YES;
				GCC_C_LANGUAGE_STANDARD = gnu11;
				GCC_DYNAMIC_NO_PIC = NO;
				GCC_NO_COMMON_BLOCKS = YES;
				GCC_OPTIMIZATION_LEVEL = 0;
				GCC_PREPROCESSOR_DEFINITIONS = (
					"DEBUG=1",
					"$(inherited)",
				);
				GCC_WARN_64_TO_32_BIT_CONVERSION = YES;
				GCC_WARN_ABOUT_RETURN_TYPE = YES_ERROR;
				GCC_WARN_UNDECLARED_SELECTOR = YES;
				GCC_WARN_UNINITIALIZED_AUTOS = YES_AGGRESSIVE;
				GCC_WARN_UNUSED_FUNCTION = YES;
				GCC_WARN_UNUSED_VARIABLE = YES;
				IPHONEOS_DEPLOYMENT_TARGET = 15.2;
				MTL_ENABLE_DEBUG_INFO = INCLUDE_SOURCE;
				MTL_FAST_MATH = YES;
				ONLY_ACTIVE_ARCH = YES;
				SDKROOT = iphoneos;
				SWIFT_ACTIVE_COMPILATION_CONDITIONS = DEBUG;
				SWIFT_OPTIMIZATION_LEVEL = "-Onone";
			};
			name = Debug;
		};
		221EC5A227ED5CE30065BE40 /* Release */ = {
			isa = XCBuildConfiguration;
			buildSettings = {
				ALWAYS_SEARCH_USER_PATHS = NO;
				CLANG_ANALYZER_NONNULL = YES;
				CLANG_ANALYZER_NUMBER_OBJECT_CONVERSION = YES_AGGRESSIVE;
				CLANG_CXX_LANGUAGE_STANDARD = "gnu++17";
				CLANG_CXX_LIBRARY = "libc++";
				CLANG_ENABLE_MODULES = YES;
				CLANG_ENABLE_OBJC_ARC = YES;
				CLANG_ENABLE_OBJC_WEAK = YES;
				CLANG_WARN_BLOCK_CAPTURE_AUTORELEASING = YES;
				CLANG_WARN_BOOL_CONVERSION = YES;
				CLANG_WARN_COMMA = YES;
				CLANG_WARN_CONSTANT_CONVERSION = YES;
				CLANG_WARN_DEPRECATED_OBJC_IMPLEMENTATIONS = YES;
				CLANG_WARN_DIRECT_OBJC_ISA_USAGE = YES_ERROR;
				CLANG_WARN_DOCUMENTATION_COMMENTS = YES;
				CLANG_WARN_EMPTY_BODY = YES;
				CLANG_WARN_ENUM_CONVERSION = YES;
				CLANG_WARN_INFINITE_RECURSION = YES;
				CLANG_WARN_INT_CONVERSION = YES;
				CLANG_WARN_NON_LITERAL_NULL_CONVERSION = YES;
				CLANG_WARN_OBJC_IMPLICIT_RETAIN_SELF = YES;
				CLANG_WARN_OBJC_LITERAL_CONVERSION = YES;
				CLANG_WARN_OBJC_ROOT_CLASS = YES_ERROR;
				CLANG_WARN_QUOTED_INCLUDE_IN_FRAMEWORK_HEADER = YES;
				CLANG_WARN_RANGE_LOOP_ANALYSIS = YES;
				CLANG_WARN_STRICT_PROTOTYPES = YES;
				CLANG_WARN_SUSPICIOUS_MOVE = YES;
				CLANG_WARN_UNGUARDED_AVAILABILITY = YES_AGGRESSIVE;
				CLANG_WARN_UNREACHABLE_CODE = YES;
				CLANG_WARN__DUPLICATE_METHOD_MATCH = YES;
				COPY_PHASE_STRIP = NO;
				DEBUG_INFORMATION_FORMAT = "dwarf-with-dsym";
				ENABLE_NS_ASSERTIONS = NO;
				ENABLE_STRICT_OBJC_MSGSEND = YES;
				GCC_C_LANGUAGE_STANDARD = gnu11;
				GCC_NO_COMMON_BLOCKS = YES;
				GCC_WARN_64_TO_32_BIT_CONVERSION = YES;
				GCC_WARN_ABOUT_RETURN_TYPE = YES_ERROR;
				GCC_WARN_UNDECLARED_SELECTOR = YES;
				GCC_WARN_UNINITIALIZED_AUTOS = YES_AGGRESSIVE;
				GCC_WARN_UNUSED_FUNCTION = YES;
				GCC_WARN_UNUSED_VARIABLE = YES;
				IPHONEOS_DEPLOYMENT_TARGET = 15.2;
				MTL_ENABLE_DEBUG_INFO = NO;
				MTL_FAST_MATH = YES;
				SDKROOT = iphoneos;
				SWIFT_COMPILATION_MODE = wholemodule;
				SWIFT_OPTIMIZATION_LEVEL = "-O";
				VALIDATE_PRODUCT = YES;
			};
			name = Release;
		};
		221EC5A427ED5CE30065BE40 /* Debug */ = {
			isa = XCBuildConfiguration;
			baseConfigurationReference = 5EE86F526E35A5EA60AFA8F8 /* Pods-Instagram.debug.xcconfig */;
			buildSettings = {
				ASSETCATALOG_COMPILER_APPICON_NAME = AppIcon;
				ASSETCATALOG_COMPILER_GLOBAL_ACCENT_COLOR_NAME = AccentColor;
				CODE_SIGN_STYLE = Automatic;
				CURRENT_PROJECT_VERSION = 1;
				DEVELOPMENT_TEAM = 8CNF2B5HAQ;
				GENERATE_INFOPLIST_FILE = YES;
				INFOPLIST_FILE = Instagram/Info.plist;
				INFOPLIST_KEY_UIApplicationSupportsIndirectInputEvents = YES;
				INFOPLIST_KEY_UILaunchStoryboardName = LaunchScreen;
				INFOPLIST_KEY_UIMainStoryboardFile = Main;
				INFOPLIST_KEY_UISupportedInterfaceOrientations_iPad = "UIInterfaceOrientationPortrait UIInterfaceOrientationPortraitUpsideDown UIInterfaceOrientationLandscapeLeft UIInterfaceOrientationLandscapeRight";
				INFOPLIST_KEY_UISupportedInterfaceOrientations_iPhone = "UIInterfaceOrientationPortrait UIInterfaceOrientationLandscapeLeft UIInterfaceOrientationLandscapeRight";
				LD_RUNPATH_SEARCH_PATHS = (
					"$(inherited)",
					"@executable_path/Frameworks",
				);
				MARKETING_VERSION = 1.0;
				PRODUCT_BUNDLE_IDENTIFIER = com.shah1234hetvi.Instagram;
				PRODUCT_NAME = "$(TARGET_NAME)";
				SWIFT_EMIT_LOC_STRINGS = YES;
				SWIFT_VERSION = 5.0;
				TARGETED_DEVICE_FAMILY = "1,2";
			};
			name = Debug;
		};
		221EC5A527ED5CE30065BE40 /* Release */ = {
			isa = XCBuildConfiguration;
			baseConfigurationReference = 9A0FFD1660338A92760BCF01 /* Pods-Instagram.release.xcconfig */;
			buildSettings = {
				ASSETCATALOG_COMPILER_APPICON_NAME = AppIcon;
				ASSETCATALOG_COMPILER_GLOBAL_ACCENT_COLOR_NAME = AccentColor;
				CODE_SIGN_STYLE = Automatic;
				CURRENT_PROJECT_VERSION = 1;
				DEVELOPMENT_TEAM = 8CNF2B5HAQ;
				GENERATE_INFOPLIST_FILE = YES;
				INFOPLIST_FILE = Instagram/Info.plist;
				INFOPLIST_KEY_UIApplicationSupportsIndirectInputEvents = YES;
				INFOPLIST_KEY_UILaunchStoryboardName = LaunchScreen;
				INFOPLIST_KEY_UIMainStoryboardFile = Main;
				INFOPLIST_KEY_UISupportedInterfaceOrientations_iPad = "UIInterfaceOrientationPortrait UIInterfaceOrientationPortraitUpsideDown UIInterfaceOrientationLandscapeLeft UIInterfaceOrientationLandscapeRight";
				INFOPLIST_KEY_UISupportedInterfaceOrientations_iPhone = "UIInterfaceOrientationPortrait UIInterfaceOrientationLandscapeLeft UIInterfaceOrientationLandscapeRight";
				LD_RUNPATH_SEARCH_PATHS = (
					"$(inherited)",
					"@executable_path/Frameworks",
				);
				MARKETING_VERSION = 1.0;
				PRODUCT_BUNDLE_IDENTIFIER = com.shah1234hetvi.Instagram;
				PRODUCT_NAME = "$(TARGET_NAME)";
				SWIFT_EMIT_LOC_STRINGS = YES;
				SWIFT_VERSION = 5.0;
				TARGETED_DEVICE_FAMILY = "1,2";
			};
			name = Release;
		};
		221EC5A727ED5CE30065BE40 /* Debug */ = {
			isa = XCBuildConfiguration;
			baseConfigurationReference = 3BD4F07304F132DE48B53CBE /* Pods-InstagramTests.debug.xcconfig */;
			buildSettings = {
				ALWAYS_EMBED_SWIFT_STANDARD_LIBRARIES = YES;
				BUNDLE_LOADER = "$(TEST_HOST)";
				CODE_SIGN_STYLE = Automatic;
				CURRENT_PROJECT_VERSION = 1;
				DEVELOPMENT_TEAM = 8CNF2B5HAQ;
				GENERATE_INFOPLIST_FILE = YES;
				IPHONEOS_DEPLOYMENT_TARGET = 15.2;
				MARKETING_VERSION = 1.0;
				PRODUCT_BUNDLE_IDENTIFIER = com.shah1234hetvi.InstagramTests;
				PRODUCT_NAME = "$(TARGET_NAME)";
				SWIFT_EMIT_LOC_STRINGS = NO;
				SWIFT_VERSION = 5.0;
				TARGETED_DEVICE_FAMILY = "1,2";
				TEST_HOST = "$(BUILT_PRODUCTS_DIR)/Instagram.app/Instagram";
			};
			name = Debug;
		};
		221EC5A827ED5CE30065BE40 /* Release */ = {
			isa = XCBuildConfiguration;
			baseConfigurationReference = 1217F7B474B8B0391C2235F4 /* Pods-InstagramTests.release.xcconfig */;
			buildSettings = {
				ALWAYS_EMBED_SWIFT_STANDARD_LIBRARIES = YES;
				BUNDLE_LOADER = "$(TEST_HOST)";
				CODE_SIGN_STYLE = Automatic;
				CURRENT_PROJECT_VERSION = 1;
				DEVELOPMENT_TEAM = 8CNF2B5HAQ;
				GENERATE_INFOPLIST_FILE = YES;
				IPHONEOS_DEPLOYMENT_TARGET = 15.2;
				MARKETING_VERSION = 1.0;
				PRODUCT_BUNDLE_IDENTIFIER = com.shah1234hetvi.InstagramTests;
				PRODUCT_NAME = "$(TARGET_NAME)";
				SWIFT_EMIT_LOC_STRINGS = NO;
				SWIFT_VERSION = 5.0;
				TARGETED_DEVICE_FAMILY = "1,2";
				TEST_HOST = "$(BUILT_PRODUCTS_DIR)/Instagram.app/Instagram";
			};
			name = Release;
		};
		221EC5AA27ED5CE30065BE40 /* Debug */ = {
			isa = XCBuildConfiguration;
			baseConfigurationReference = CE569D0199B2D42BC242118E /* Pods-Instagram-InstagramUITests.debug.xcconfig */;
			buildSettings = {
				ALWAYS_EMBED_SWIFT_STANDARD_LIBRARIES = YES;
				CODE_SIGN_STYLE = Automatic;
				CURRENT_PROJECT_VERSION = 1;
				DEVELOPMENT_TEAM = 8CNF2B5HAQ;
				GENERATE_INFOPLIST_FILE = YES;
				MARKETING_VERSION = 1.0;
				PRODUCT_BUNDLE_IDENTIFIER = com.shah1234hetvi.InstagramUITests;
				PRODUCT_NAME = "$(TARGET_NAME)";
				SWIFT_EMIT_LOC_STRINGS = NO;
				SWIFT_VERSION = 5.0;
				TARGETED_DEVICE_FAMILY = "1,2";
				TEST_TARGET_NAME = Instagram;
			};
			name = Debug;
		};
		221EC5AB27ED5CE30065BE40 /* Release */ = {
			isa = XCBuildConfiguration;
			baseConfigurationReference = FEE99FB066E71B8F4531AF16 /* Pods-Instagram-InstagramUITests.release.xcconfig */;
			buildSettings = {
				ALWAYS_EMBED_SWIFT_STANDARD_LIBRARIES = YES;
				CODE_SIGN_STYLE = Automatic;
				CURRENT_PROJECT_VERSION = 1;
				DEVELOPMENT_TEAM = 8CNF2B5HAQ;
				GENERATE_INFOPLIST_FILE = YES;
				MARKETING_VERSION = 1.0;
				PRODUCT_BUNDLE_IDENTIFIER = com.shah1234hetvi.InstagramUITests;
				PRODUCT_NAME = "$(TARGET_NAME)";
				SWIFT_EMIT_LOC_STRINGS = NO;
				SWIFT_VERSION = 5.0;
				TARGETED_DEVICE_FAMILY = "1,2";
				TEST_TARGET_NAME = Instagram;
			};
			name = Release;
		};
/* End XCBuildConfiguration section */

/* Begin XCConfigurationList section */
		221EC57427ED5CE20065BE40 /* Build configuration list for PBXProject "Instagram" */ = {
			isa = XCConfigurationList;
			buildConfigurations = (
				221EC5A127ED5CE30065BE40 /* Debug */,
				221EC5A227ED5CE30065BE40 /* Release */,
			);
			defaultConfigurationIsVisible = 0;
			defaultConfigurationName = Release;
		};
		221EC5A327ED5CE30065BE40 /* Build configuration list for PBXNativeTarget "Instagram" */ = {
			isa = XCConfigurationList;
			buildConfigurations = (
				221EC5A427ED5CE30065BE40 /* Debug */,
				221EC5A527ED5CE30065BE40 /* Release */,
			);
			defaultConfigurationIsVisible = 0;
			defaultConfigurationName = Release;
		};
		221EC5A627ED5CE30065BE40 /* Build configuration list for PBXNativeTarget "InstagramTests" */ = {
			isa = XCConfigurationList;
			buildConfigurations = (
				221EC5A727ED5CE30065BE40 /* Debug */,
				221EC5A827ED5CE30065BE40 /* Release */,
			);
			defaultConfigurationIsVisible = 0;
			defaultConfigurationName = Release;
		};
		221EC5A927ED5CE30065BE40 /* Build configuration list for PBXNativeTarget "InstagramUITests" */ = {
			isa = XCConfigurationList;
			buildConfigurations = (
				221EC5AA27ED5CE30065BE40 /* Debug */,
				221EC5AB27ED5CE30065BE40 /* Release */,
			);
			defaultConfigurationIsVisible = 0;
			defaultConfigurationName = Release;
		};
/* End XCConfigurationList section */
	};
	rootObject = 221EC57127ED5CE20065BE40 /* Project object */;
}
